
Microsoft Visual Studio Solution File, Format Version 12.00
# Visual Studio Version 17
VisualStudioVersion = 17.14.36414.22 d17.14
MinimumVisualStudioVersion = 10.0.40219.1
Project("{FAE04EC0-301F-11D3-BF4B-00C04F79EFBC}") = "DesignPatternArchitecturePattern", "DesignPatternArchitecturePattern\DesignPatternArchitecturePattern.csproj", "{ED0E62FE-247A-4125-9B54-6EC36F517614}"
EndProject
Global
	GlobalSection(SolutionConfigurationPlatforms) = preSolution
		Debug|Any CPU = Debug|Any CPU
		Release|Any CPU = Release|Any CPU
	EndGlobalSection
	GlobalSection(ProjectConfigurationPlatforms) = postSolution
		{ED0E62FE-247A-4125-9B54-6EC36F517614}.Debug|Any CPU.ActiveCfg = Debug|Any CPU
		{ED0E62FE-247A-4125-9B54-6EC36F517614}.Debug|Any CPU.Build.0 = Debug|Any CPU
		{ED0E62FE-247A-4125-9B54-6EC36F517614}.Release|Any CPU.ActiveCfg = Release|Any CPU
		{ED0E62FE-247A-4125-9B54-6EC36F517614}.Release|Any CPU.Build.0 = Release|Any CPU
	EndGlobalSection
	GlobalSection(SolutionProperties) = preSolution
		HideSolutionNode = FALSE
	EndGlobalSection
	GlobalSection(ExtensibilityGlobals) = postSolution
		SolutionGuid = {195DDBC2-E172-4BA0-902A-1C571B4CE5CF}
	EndGlobalSection
EndGlobal
